
Microsoft Visual Studio Solution File, Format Version 12.00
# Visual Studio Version 16
VisualStudioVersion = 16.0.28922.388
MinimumVisualStudioVersion = 10.0.40219.1
Project("{9A19103F-16F7-4668-BE54-9A1E7A4F7556}") = "Exchange App", "Exchange App\Exchange App.csproj", "{0E885EDB-F76B-40DD-A450-7C59DAD8803A}"
EndProject
Project("{9A19103F-16F7-4668-BE54-9A1E7A4F7556}") = "Exchange App.DAL", "Exchange App.DAL\Exchange App.DAL.csproj", "{28AA6CD4-92F7-4E93-92BD-CAAD06865773}"
EndProject
Global
	GlobalSection(SolutionConfigurationPlatforms) = preSolution
		Debug|Any CPU = Debug|Any CPU
		Release|Any CPU = Release|Any CPU
	EndGlobalSection
	GlobalSection(ProjectConfigurationPlatforms) = postSolution
		{0E885EDB-F76B-40DD-A450-7C59DAD8803A}.Debug|Any CPU.ActiveCfg = Debug|Any CPU
		{0E885EDB-F76B-40DD-A450-7C59DAD8803A}.Debug|Any CPU.Build.0 = Debug|Any CPU
		{0E885EDB-F76B-40DD-A450-7C59DAD8803A}.Release|Any CPU.ActiveCfg = Release|Any CPU
		{0E885EDB-F76B-40DD-A450-7C59DAD8803A}.Release|Any CPU.Build.0 = Release|Any CPU
		{28AA6CD4-92F7-4E93-92BD-CAAD06865773}.Debug|Any CPU.ActiveCfg = Debug|Any CPU
		{28AA6CD4-92F7-4E93-92BD-CAAD06865773}.Debug|Any CPU.Build.0 = Debug|Any CPU
		{28AA6CD4-92F7-4E93-92BD-CAAD06865773}.Release|Any CPU.ActiveCfg = Release|Any CPU
		{28AA6CD4-92F7-4E93-92BD-CAAD06865773}.Release|Any CPU.Build.0 = Release|Any CPU
	EndGlobalSection
	GlobalSection(SolutionProperties) = preSolution
		HideSolutionNode = FALSE
	EndGlobalSection
	GlobalSection(ExtensibilityGlobals) = postSolution
		SolutionGuid = {EC3ACC32-21D5-4BAF-B9F9-3AD46216AF9A}
	EndGlobalSection
EndGlobal
